
Microsoft Visual Studio Solution File, Format Version 12.00
# Visual Studio Version 17
VisualStudioVersion = 17.4.33122.133
MinimumVisualStudioVersion = 10.0.40219.1
Project("{FAE04EC0-301F-11D3-BF4B-00C04F79EFBC}") = "Hotel", "Hotel\Hotel.csproj", "{B6C8B5B0-CE86-474A-A9AE-419A0BCFEF40}"
EndProject
Global
	GlobalSection(SolutionConfigurationPlatforms) = preSolution
		Debug|Any CPU = Debug|Any CPU
		Release|Any CPU = Release|Any CPU
	EndGlobalSection
	GlobalSection(ProjectConfigurationPlatforms) = postSolution
		{B6C8B5B0-CE86-474A-A9AE-419A0BCFEF40}.Debug|Any CPU.ActiveCfg = Debug|Any CPU
		{B6C8B5B0-CE86-474A-A9AE-419A0BCFEF40}.Debug|Any CPU.Build.0 = Debug|Any CPU
		{B6C8B5B0-CE86-474A-A9AE-419A0BCFEF40}.Release|Any CPU.ActiveCfg = Release|Any CPU
		{B6C8B5B0-CE86-474A-A9AE-419A0BCFEF40}.Release|Any CPU.Build.0 = Release|Any CPU
	EndGlobalSection
	GlobalSection(SolutionProperties) = preSolution
		HideSolutionNode = FALSE
	EndGlobalSection
	GlobalSection(ExtensibilityGlobals) = postSolution
		SolutionGuid = {F3701E38-AAA2-44F1-84AF-5F664308B262}
	EndGlobalSection
EndGlobal
